
Microsoft Visual Studio Solution File, Format Version 12.00
# Visual Studio Version 17
VisualStudioVersion = 17.0.31903.59
MinimumVisualStudioVersion = 10.0.40219.1
Project("{FAE04EC0-301F-11D3-BF4B-00C04F79EFBC}") = "FakeMail.Domain", "FakeMail.Domain\FakeMail.Domain.csproj", "{EC4A7B0C-2140-464E-BAC2-2265C806BC81}"
EndProject
Project("{FAE04EC0-301F-11D3-BF4B-00C04F79EFBC}") = "FakeMail.Infrastructure", "FakeMail.Infrastructure\FakeMail.Infrastructure.csproj", "{F5E44DF1-591A-4F72-BCEF-B956BC82C343}"
EndProject
Project("{FAE04EC0-301F-11D3-BF4B-00C04F79EFBC}") = "FakeMail.Services", "FakeMail.Services\FakeMail.Services.csproj", "{E01710F4-5AE3-4E53-8AD5-E5DAAE607653}"
EndProject
Project("{FAE04EC0-301F-11D3-BF4B-00C04F79EFBC}") = "FakeMail.MVC", "FakeMail.MVC\FakeMail.MVC.csproj", "{E9485BDE-754F-4759-AC95-A1530E43710E}"
EndProject
Project("{2150E333-8FDC-42A3-9474-1A3956D46DE8}") = "Solution Items", "Solution Items", "{4DF7CC06-0044-41C3-A274-3949D8F8E1A1}"
	ProjectSection(SolutionItems) = preProject
		docker-compose.yml = docker-compose.yml
	EndProjectSection
EndProject
Project("{FAE04EC0-301F-11D3-BF4B-00C04F79EFBC}") = "FakeMail.Tests", "FakeMail.Tests\FakeMail.Tests.csproj", "{83CD6234-ED3C-45E4-8856-0CE9D86547A4}"
EndProject
Global
	GlobalSection(SolutionConfigurationPlatforms) = preSolution
		Debug|Any CPU = Debug|Any CPU
		Release|Any CPU = Release|Any CPU
	EndGlobalSection
	GlobalSection(SolutionProperties) = preSolution
		HideSolutionNode = FALSE
	EndGlobalSection
	GlobalSection(ProjectConfigurationPlatforms) = postSolution
		{EC4A7B0C-2140-464E-BAC2-2265C806BC81}.Debug|Any CPU.ActiveCfg = Debug|Any CPU
		{EC4A7B0C-2140-464E-BAC2-2265C806BC81}.Debug|Any CPU.Build.0 = Debug|Any CPU
		{EC4A7B0C-2140-464E-BAC2-2265C806BC81}.Release|Any CPU.ActiveCfg = Release|Any CPU
		{EC4A7B0C-2140-464E-BAC2-2265C806BC81}.Release|Any CPU.Build.0 = Release|Any CPU
		{F5E44DF1-591A-4F72-BCEF-B956BC82C343}.Debug|Any CPU.ActiveCfg = Debug|Any CPU
		{F5E44DF1-591A-4F72-BCEF-B956BC82C343}.Debug|Any CPU.Build.0 = Debug|Any CPU
		{F5E44DF1-591A-4F72-BCEF-B956BC82C343}.Release|Any CPU.ActiveCfg = Release|Any CPU
		{F5E44DF1-591A-4F72-BCEF-B956BC82C343}.Release|Any CPU.Build.0 = Release|Any CPU
		{E01710F4-5AE3-4E53-8AD5-E5DAAE607653}.Debug|Any CPU.ActiveCfg = Debug|Any CPU
		{E01710F4-5AE3-4E53-8AD5-E5DAAE607653}.Debug|Any CPU.Build.0 = Debug|Any CPU
		{E01710F4-5AE3-4E53-8AD5-E5DAAE607653}.Release|Any CPU.ActiveCfg = Release|Any CPU
		{E01710F4-5AE3-4E53-8AD5-E5DAAE607653}.Release|Any CPU.Build.0 = Release|Any CPU
		{E9485BDE-754F-4759-AC95-A1530E43710E}.Debug|Any CPU.ActiveCfg = Debug|Any CPU
		{E9485BDE-754F-4759-AC95-A1530E43710E}.Debug|Any CPU.Build.0 = Debug|Any CPU
		{E9485BDE-754F-4759-AC95-A1530E43710E}.Release|Any CPU.ActiveCfg = Release|Any CPU
		{E9485BDE-754F-4759-AC95-A1530E43710E}.Release|Any CPU.Build.0 = Release|Any CPU
		{83CD6234-ED3C-45E4-8856-0CE9D86547A4}.Debug|Any CPU.ActiveCfg = Debug|Any CPU
		{83CD6234-ED3C-45E4-8856-0CE9D86547A4}.Debug|Any CPU.Build.0 = Debug|Any CPU
		{83CD6234-ED3C-45E4-8856-0CE9D86547A4}.Release|Any CPU.ActiveCfg = Release|Any CPU
		{83CD6234-ED3C-45E4-8856-0CE9D86547A4}.Release|Any CPU.Build.0 = Release|Any CPU
	EndGlobalSection
EndGlobal
